
Microsoft Visual Studio Solution File, Format Version 12.00
# Visual Studio Version 16
VisualStudioVersion = 16.0.28917.182
MinimumVisualStudioVersion = 10.0.40219.1
Project("{FAE04EC0-301F-11D3-BF4B-00C04F79EFBC}") = "Demo_Singleton", "Demo_Singleton\Demo_Singleton.csproj", "{C67FC13F-F5F9-42D0-8D95-BF17FD094028}"
EndProject
Global
	GlobalSection(SolutionConfigurationPlatforms) = preSolution
		Debug|Any CPU = Debug|Any CPU
		Release|Any CPU = Release|Any CPU
	EndGlobalSection
	GlobalSection(ProjectConfigurationPlatforms) = postSolution
		{C67FC13F-F5F9-42D0-8D95-BF17FD094028}.Debug|Any CPU.ActiveCfg = Debug|Any CPU
		{C67FC13F-F5F9-42D0-8D95-BF17FD094028}.Debug|Any CPU.Build.0 = Debug|Any CPU
		{C67FC13F-F5F9-42D0-8D95-BF17FD094028}.Release|Any CPU.ActiveCfg = Release|Any CPU
		{C67FC13F-F5F9-42D0-8D95-BF17FD094028}.Release|Any CPU.Build.0 = Release|Any CPU
	EndGlobalSection
	GlobalSection(SolutionProperties) = preSolution
		HideSolutionNode = FALSE
	EndGlobalSection
	GlobalSection(ExtensibilityGlobals) = postSolution
		SolutionGuid = {06331F36-1AEF-4FFA-8026-C897673214FB}
	EndGlobalSection
EndGlobal
